// !$*UTF8*$!
{
	archiveVersion = 1;
	classes = {
	};
	objectVersion = 46;
	objects = {

/* Begin PBXBuildFile section */
		048B58AD1AB67FFB000F97F8 /* Foundation.framework in Frameworks */ = {isa = PBXBuildFile; fileRef = 048B58AC1AB67FFB000F97F8 /* Foundation.framework */; };
		048B58AF1AB67FFB000F97F8 /* CoreGraphics.framework in Frameworks */ = {isa = PBXBuildFile; fileRef = 048B58AE1AB67FFB000F97F8 /* CoreGraphics.framework */; };
		048B58B11AB67FFB000F97F8 /* UIKit.framework in Frameworks */ = {isa = PBXBuildFile; fileRef = 048B58B01AB67FFB000F97F8 /* UIKit.framework */; };
		048B58B71AB67FFB000F97F8 /* InfoPlist.strings in Resources */ = {isa = PBXBuildFile; fileRef = 048B58B51AB67FFB000F97F8 /* InfoPlist.strings */; };
		048B58B91AB67FFB000F97F8 /* main.m in Sources */ = {isa = PBXBuildFile; fileRef = 048B58B81AB67FFB000F97F8 /* main.m */; };
		048B58BD1AB67FFB000F97F8 /* AppDelegate.m in Sources */ = {isa = PBXBuildFile; fileRef = 048B58BC1AB67FFB000F97F8 /* AppDelegate.m */; };
		048B58C01AB67FFB000F97F8 /* Main.storyboard in Resources */ = {isa = PBXBuildFile; fileRef = 048B58BE1AB67FFB000F97F8 /* Main.storyboard */; };
		048B58C31AB67FFB000F97F8 /* ViewController.m in Sources */ = {isa = PBXBuildFile; fileRef = 048B58C21AB67FFB000F97F8 /* ViewController.m */; };
		048B58C51AB67FFB000F97F8 /* Images.xcassets in Resources */ = {isa = PBXBuildFile; fileRef = 048B58C41AB67FFB000F97F8 /* Images.xcassets */; };
		048B58CC1AB67FFB000F97F8 /* XCTest.framework in Frameworks */ = {isa = PBXBuildFile; fileRef = 048B58CB1AB67FFB000F97F8 /* XCTest.framework */; };
		048B58CD1AB67FFB000F97F8 /* Foundation.framework in Frameworks */ = {isa = PBXBuildFile; fileRef = 048B58AC1AB67FFB000F97F8 /* Foundation.framework */; };
		048B58CE1AB67FFB000F97F8 /* UIKit.framework in Frameworks */ = {isa = PBXBuildFile; fileRef = 048B58B01AB67FFB000F97F8 /* UIKit.framework */; };
		048B58D61AB67FFB000F97F8 /* InfoPlist.strings in Resources */ = {isa = PBXBuildFile; fileRef = 048B58D41AB67FFB000F97F8 /* InfoPlist.strings */; };
		048B58D81AB67FFB000F97F8 /* Snow1Tests.m in Sources */ = {isa = PBXBuildFile; fileRef = 048B58D71AB67FFB000F97F8 /* Snow1Tests.m */; };
		048B58E21AB680FD000F97F8 /* flake.png in Resources */ = {isa = PBXBuildFile; fileRef = 048B58E11AB680FD000F97F8 /* flake.png */; };
/* End PBXBuildFile section */

/* Begin PBXContainerItemProxy section */
		048B58CF1AB67FFB000F97F8 /* PBXContainerItemProxy */ = {
			isa = PBXContainerItemProxy;
			containerPortal = 048B58A11AB67FFB000F97F8 /* Project object */;
			proxyType = 1;
			remoteGlobalIDString = 048B58A81AB67FFB000F97F8;
			remoteInfo = Snow1;
		};
/* End PBXContainerItemProxy section */

/* Begin PBXFileReference section */
		048B58A91AB67FFB000F97F8 /* Snow1.app */ = {isa = PBXFileReference; explicitFileType = wrapper.application; includeInIndex = 0; path = Snow1.app; sourceTree = BUILT_PRODUCTS_DIR; };
		048B58AC1AB67FFB000F97F8 /* Foundation.framework */ = {isa = PBXFileReference; lastKnownFileType = wrapper.framework; name = Foundation.framework; path = System/Library/Frameworks/Foundation.framework; sourceTree = SDKROOT; };
		048B58AE1AB67FFB000F97F8 /* CoreGraphics.framework */ = {isa = PBXFileReference; lastKnownFileType = wrapper.framework; name = CoreGraphics.framework; path = System/Library/Frameworks/CoreGraphics.framework; sourceTree = SDKROOT; };
		048B58B01AB67FFB000F97F8 /* UIKit.framework */ = {isa = PBXFileReference; lastKnownFileType = wrapper.framework; name = UIKit.framework; path = System/Library/Frameworks/UIKit.framework; sourceTree = SDKROOT; };
		048B58B41AB67FFB000F97F8 /* Snow1-Info.plist */ = {isa = PBXFileReference; lastKnownFileType = text.plist.xml; path = "Snow1-Info.plist"; sourceTree = "<group>"; };
		048B58B61AB67FFB000F97F8 /* en */ = {isa = PBXFileReference; lastKnownFileType = text.plist.strings; name = en; path = en.lproj/InfoPlist.strings; sourceTree = "<group>"; };
		048B58B81AB67FFB000F97F8 /* main.m */ = {isa = PBXFileReference; lastKnownFileType = sourcecode.c.objc; path = main.m; sourceTree = "<group>"; };
		048B58BA1AB67FFB000F97F8 /* Snow1-Prefix.pch */ = {isa = PBXFileReference; lastKnownFileType = sourcecode.c.h; path = "Snow1-Prefix.pch"; sourceTree = "<group>"; };
		048B58BB1AB67FFB000F97F8 /* AppDelegate.h */ = {isa = PBXFileReference; lastKnownFileType = sourcecode.c.h; path = AppDelegate.h; sourceTree = "<group>"; };
		048B58BC1AB67FFB000F97F8 /* AppDelegate.m */ = {isa = PBXFileReference; lastKnownFileType = sourcecode.c.objc; path = AppDelegate.m; sourceTree = "<group>"; };
		048B58BF1AB67FFB000F97F8 /* Base */ = {isa = PBXFileReference; lastKnownFileType = file.storyboard; name = Base; path = Base.lproj/Main.storyboard; sourceTree = "<group>"; };
		048B58C11AB67FFB000F97F8 /* ViewController.h */ = {isa = PBXFileReference; lastKnownFileType = sourcecode.c.h; path = ViewController.h; sourceTree = "<group>"; };
		048B58C21AB67FFB000F97F8 /* ViewController.m */ = {isa = PBXFileReference; lastKnownFileType = sourcecode.c.objc; path = ViewController.m; sourceTree = "<group>"; };
		048B58C41AB67FFB000F97F8 /* Images.xcassets */ = {isa = PBXFileReference; lastKnownFileType = folder.assetcatalog; path = Images.xcassets; sourceTree = "<group>"; };
		048B58CA1AB67FFB000F97F8 /* Snow1Tests.xctest */ = {isa = PBXFileReference; explicitFileType = wrapper.cfbundle; includeInIndex = 0; path = Snow1Tests.xctest; sourceTree = BUILT_PRODUCTS_DIR; };
		048B58CB1AB67FFB000F97F8 /* XCTest.framework */ = {isa = PBXFileReference; lastKnownFileType = wrapper.framework; name = XCTest.framework; path = Library/Frameworks/XCTest.framework; sourceTree = DEVELOPER_DIR; };
		048B58D31AB67FFB000F97F8 /* Snow1Tests-Info.plist */ = {isa = PBXFileReference; lastKnownFileType = text.plist.xml; path = "Snow1Tests-Info.plist"; sourceTree = "<group>"; };
		048B58D51AB67FFB000F97F8 /* en */ = {isa = PBXFileReference; lastKnownFileType = text.plist.strings; name = en; path = en.lproj/InfoPlist.strings; sourceTree = "<group>"; };
		048B58D71AB67FFB000F97F8 /* Snow1Tests.m */ = {isa = PBXFileReference; lastKnownFileType = sourcecode.c.objc; path = Snow1Tests.m; sourceTree = "<group>"; };
		048B58E11AB680FD000F97F8 /* flake.png */ = {isa = PBXFileReference; lastKnownFileType = image.png; path = flake.png; sourceTree = "<group>"; };
/* End PBXFileReference section */

/* Begin PBXFrameworksBuildPhase section */
		048B58A61AB67FFB000F97F8 /* Frameworks */ = {
			isa = PBXFrameworksBuildPhase;
			buildActionMask = 2147483647;
			files = (
				048B58AF1AB67FFB000F97F8 /* CoreGraphics.framework in Frameworks */,
				048B58B11AB67FFB000F97F8 /* UIKit.framework in Frameworks */,
				048B58AD1AB67FFB000F97F8 /* Foundation.framework in Frameworks */,
			);
			runOnlyForDeploymentPostprocessing = 0;
		};
		048B58C71AB67FFB000F97F8 /* Frameworks */ = {
			isa = PBXFrameworksBuildPhase;
			buildActionMask = 2147483647;
			files = (
				048B58CC1AB67FFB000F97F8 /* XCTest.framework in Frameworks */,
				048B58CE1AB67FFB000F97F8 /* UIKit.framework in Frameworks */,
				048B58CD1AB67FFB000F97F8 /* Foundation.framework in Frameworks */,
			);
			runOnlyForDeploymentPostprocessing = 0;
		};
/* End PBXFrameworksBuildPhase section */

/* Begin PBXGroup section */
		048B58A01AB67FFB000F97F8 = {
			isa = PBXGroup;
			children = (
				048B58B21AB67FFB000F97F8 /* Snow1 */,
				048B58D11AB67FFB000F97F8 /* Snow1Tests */,
				048B58AB1AB67FFB000F97F8 /* Frameworks */,
				048B58AA1AB67FFB000F97F8 /* Products */,
			);
			sourceTree = "<group>";
		};
		048B58AA1AB67FFB000F97F8 /* Products */ = {
			isa = PBXGroup;
			children = (
				048B58A91AB67FFB000F97F8 /* Snow1.app */,
				048B58CA1AB67FFB000F97F8 /* Snow1Tests.xctest */,
			);
			name = Products;
			sourceTree = "<group>";
		};
		048B58AB1AB67FFB000F97F8 /* Frameworks */ = {
			isa = PBXGroup;
			children = (
				048B58AC1AB67FFB000F97F8 /* Foundation.framework */,
				048B58AE1AB67FFB000F97F8 /* CoreGraphics.framework */,
				048B58B01AB67FFB000F97F8 /* UIKit.framework */,
				048B58CB1AB67FFB000F97F8 /* XCTest.framework */,
			);
			name = Frameworks;
			sourceTree = "<group>";
		};
		048B58B21AB67FFB000F97F8 /* Snow1 */ = {
			isa = PBXGroup;
			children = (
				048B58E11AB680FD000F97F8 /* flake.png */,
				048B58BB1AB67FFB000F97F8 /* AppDelegate.h */,
				048B58BC1AB67FFB000F97F8 /* AppDelegate.m */,
				048B58BE1AB67FFB000F97F8 /* Main.storyboard */,
				048B58C11AB67FFB000F97F8 /* ViewController.h */,
				048B58C21AB67FFB000F97F8 /* ViewController.m */,
				048B58C41AB67FFB000F97F8 /* Images.xcassets */,
				048B58B31AB67FFB000F97F8 /* Supporting Files */,
			);
			path = Snow1;
			sourceTree = "<group>";
		};
		048B58B31AB67FFB000F97F8 /* Supporting Files */ = {
			isa = PBXGroup;
			children = (
				048B58B41AB67FFB000F97F8 /* Snow1-Info.plist */,
				048B58B51AB67FFB000F97F8 /* InfoPlist.strings */,
				048B58B81AB67FFB000F97F8 /* main.m */,
				048B58BA1AB67FFB000F97F8 /* Snow1-Prefix.pch */,
			);
			name = "Supporting Files";
			sourceTree = "<group>";
		};
		048B58D11AB67FFB000F97F8 /* Snow1Tests */ = {
			isa = PBXGroup;
			children = (
				048B58D71AB67FFB000F97F8 /* Snow1Tests.m */,
				048B58D21AB67FFB000F97F8 /* Supporting Files */,
			);
			path = Snow1Tests;
			sourceTree = "<group>";
		};
		048B58D21AB67FFB000F97F8 /* Supporting Files */ = {
			isa = PBXGroup;
			children = (
				048B58D31AB67FFB000F97F8 /* Snow1Tests-Info.plist */,
				048B58D41AB67FFB000F97F8 /* InfoPlist.strings */,
			);
			name = "Supporting Files";
			sourceTree = "<group>";
		};
/* End PBXGroup section */

/* Begin PBXNativeTarget section */
		048B58A81AB67FFB000F97F8 /* Snow1 */ = {
			isa = PBXNativeTarget;
			buildConfigurationList = 048B58DB1AB67FFB000F97F8 /* Build configuration list for PBXNativeTarget "Snow1" */;
			buildPhases = (
				048B58A51AB67FFB000F97F8 /* Sources */,
				048B58A61AB67FFB000F97F8 /* Frameworks */,
				048B58A71AB67FFB000F97F8 /* Resources */,
			);
			buildRules = (
			);
			dependencies = (
			);
			name = Snow1;
			productName = Snow1;
			productReference = 048B58A91AB67FFB000F97F8 /* Snow1.app */;
			productType = "com.apple.product-type.application";
		};
		048B58C91AB67FFB000F97F8 /* Snow1Tests */ = {
			isa = PBXNativeTarget;
			buildConfigurationList = 048B58DE1AB67FFB000F97F8 /* Build configuration list for PBXNativeTarget "Snow1Tests" */;
			buildPhases = (
				048B58C61AB67FFB000F97F8 /* Sources */,
				048B58C71AB67FFB000F97F8 /* Frameworks */,
				048B58C81AB67FFB000F97F8 /* Resources */,
			);
			buildRules = (
			);
			dependencies = (
				048B58D01AB67FFB000F97F8 /* PBXTargetDependency */,
			);
			name = Snow1Tests;
			productName = Snow1Tests;
			productReference = 048B58CA1AB67FFB000F97F8 /* Snow1Tests.xctest */;
			productType = "com.apple.product-type.bundle.unit-test";
		};
/* End PBXNativeTarget section */

/* Begin PBXProject section */
		048B58A11AB67FFB000F97F8 /* Project object */ = {
			isa = PBXProject;
			attributes = {
				LastUpgradeCheck = 0510;
				ORGANIZATIONNAME = zhiyou;
				TargetAttributes = {
					048B58C91AB67FFB000F97F8 = {
						TestTargetID = 048B58A81AB67FFB000F97F8;
					};
				};
			};
			buildConfigurationList = 048B58A41AB67FFB000F97F8 /* Build configuration list for PBXProject "Snow1" */;
			compatibilityVersion = "Xcode 3.2";
			developmentRegion = English;
			hasScannedForEncodings = 0;
			knownRegions = (
				en,
				Base,
			);
			mainGroup = 048B58A01AB67FFB000F97F8;
			productRefGroup = 048B58AA1AB67FFB000F97F8 /* Products */;
			projectDirPath = "";
			projectRoot = "";
			targets = (
				048B58A81AB67FFB000F97F8 /* Snow1 */,
				048B58C91AB67FFB000F97F8 /* Snow1Tests */,
			);
		};
/* End PBXProject section */

/* Begin PBXResourcesBuildPhase section */
		048B58A71AB67FFB000F97F8 /* Resources */ = {
			isa = PBXResourcesBuildPhase;
			buildActionMask = 2147483647;
			files = (
				048B58C51AB67FFB000F97F8 /* Images.xcassets in Resources */,
				048B58B71AB67FFB000F97F8 /* InfoPlist.strings in Resources */,
				048B58C01AB67FFB000F97F8 /* Main.storyboard in Resources */,
				048B58E21AB680FD000F97F8 /* flake.png in Resources */,
			);
			runOnlyForDeploymentPostprocessing = 0;
		};
		048B58C81AB67FFB000F97F8 /* Resources */ = {
			isa = PBXResourcesBuildPhase;
			buildActionMask = 2147483647;
			files = (
				048B58D61AB67FFB000F97F8 /* InfoPlist.strings in Resources */,
			);
			runOnlyForDeploymentPostprocessing = 0;
		};
/* End PBXResourcesBuildPhase section */

/* Begin PBXSourcesBuildPhase section */
		048B58A51AB67FFB000F97F8 /* Sources */ = {
			isa = PBXSourcesBuildPhase;
			buildActionMask = 2147483647;
			files = (
				048B58C31AB67FFB000F97F8 /* ViewController.m in Sources */,
				048B58BD1AB67FFB000F97F8 /* AppDelegate.m in Sources */,
				048B58B91AB67FFB000F97F8 /* main.m in Sources */,
			);
			runOnlyForDeploymentPostprocessing = 0;
		};
		048B58C61AB67FFB000F97F8 /* Sources */ = {
			isa = PBXSourcesBuildPhase;
			buildActionMask = 2147483647;
			files = (
				048B58D81AB67FFB000F97F8 /* Snow1Tests.m in Sources */,
			);
			runOnlyForDeploymentPostprocessing = 0;
		};
/* End PBXSourcesBuildPhase section */

/* Begin PBXTargetDependency section */
		048B58D01AB67FFB000F97F8 /* PBXTargetDependency */ = {
			isa = PBXTargetDependency;
			target = 048B58A81AB67FFB000F97F8 /* Snow1 */;
			targetProxy = 048B58CF1AB67FFB000F97F8 /* PBXContainerItemProxy */;
		};
/* End PBXTargetDependency section */

/* Begin PBXVariantGroup section */
		048B58B51AB67FFB000F97F8 /* InfoPlist.strings */ = {
			isa = PBXVariantGroup;
			children = (
				048B58B61AB67FFB000F97F8 /* en */,
			);
			name = InfoPlist.strings;
			sourceTree = "<group>";
		};
		048B58BE1AB67FFB000F97F8 /* Main.storyboard */ = {
			isa = PBXVariantGroup;
			children = (
				048B58BF1AB67FFB000F97F8 /* Base */,
			);
			name = Main.storyboard;
			sourceTree = "<group>";
		};
		048B58D41AB67FFB000F97F8 /* InfoPlist.strings */ = {
			isa = PBXVariantGroup;
			children = (
				048B58D51AB67FFB000F97F8 /* en */,
			);
			name = InfoPlist.strings;
			sourceTree = "<group>";
		};
/* End PBXVariantGroup section */

/* Begin XCBuildConfiguration section */
		048B58D91AB67FFB000F97F8 /* Debug */ = {
			isa = XCBuildConfiguration;
			buildSettings = {
				ALWAYS_SEARCH_USER_PATHS = NO;
				CLANG_CXX_LANGUAGE_STANDARD = "gnu++0x";
				CLANG_CXX_LIBRARY = "libc++";
				CLANG_ENABLE_MODULES = YES;
				CLANG_ENABLE_OBJC_ARC = YES;
				CLANG_WARN_BOOL_CONVERSION = YES;
				CLANG_WARN_CONSTANT_CONVERSION = YES;
				CLANG_WARN_DIRECT_OBJC_ISA_USAGE = YES_ERROR;
				CLANG_WARN_EMPTY_BODY = YES;
				CLANG_WARN_ENUM_CONVERSION = YES;
				CLANG_WARN_INT_CONVERSION = YES;
				CLANG_WARN_OBJC_ROOT_CLASS = YES_ERROR;
				CLANG_WARN__DUPLICATE_METHOD_MATCH = YES;
				"CODE_SIGN_IDENTITY[sdk=iphoneos*]" = "iPhone Developer";
				COPY_PHASE_STRIP = NO;
				GCC_C_LANGUAGE_STANDARD = gnu99;
				GCC_DYNAMIC_NO_PIC = NO;
				GCC_OPTIMIZATION_LEVEL = 0;
				GCC_PREPROCESSOR_DEFINITIONS = (
					"DEBUG=1",
					"$(inherited)",
				);
				GCC_SYMBOLS_PRIVATE_EXTERN = NO;
				GCC_WARN_64_TO_32_BIT_CONVERSION = YES;
				GCC_WARN_ABOUT_RETURN_TYPE = YES_ERROR;
				GCC_WARN_UNDECLARED_SELECTOR = YES;
				GCC_WARN_UNINITIALIZED_AUTOS = YES_AGGRESSIVE;
				GCC_WARN_UNUSED_FUNCTION = YES;
				GCC_WARN_UNUSED_VARIABLE = YES;
				IPHONEOS_DEPLOYMENT_TARGET = 7.1;
				ONLY_ACTIVE_ARCH = YES;
				SDKROOT = iphoneos;
			};
			name = Debug;
		};
		048B58DA1AB67FFB000F97F8 /* Release */ = {
			isa = XCBuildConfiguration;
			buildSettings = {
				ALWAYS_SEARCH_USER_PATHS = NO;
				CLANG_CXX_LANGUAGE_STANDARD = "gnu++0x";
				CLANG_CXX_LIBRARY = "libc++";
				CLANG_ENABLE_MODULES = YES;
				CLANG_ENABLE_OBJC_ARC = YES;
				CLANG_WARN_BOOL_CONVERSION = YES;
				CLANG_WARN_CONSTANT_CONVERSION = YES;
				CLANG_WARN_DIRECT_OBJC_ISA_USAGE = YES_ERROR;
				CLANG_WARN_EMPTY_BODY = YES;
				CLANG_WARN_ENUM_CONVERSION = YES;
				CLANG_WARN_INT_CONVERSION = YES;
				CLANG_WARN_OBJC_ROOT_CLASS = YES_ERROR;
				CLANG_WARN__DUPLICATE_METHOD_MATCH = YES;
				"CODE_SIGN_IDENTITY[sdk=iphoneos*]" = "iPhone Developer";
				COPY_PHASE_STRIP = YES;
				ENABLE_NS_ASSERTIONS = NO;
				GCC_C_LANGUAGE_STANDARD = gnu99;
				GCC_WARN_64_TO_32_BIT_CONVERSION = YES;
				GCC_WARN_ABOUT_RETURN_TYPE = YES_ERROR;
				GCC_WARN_UNDECLARED_SELECTOR = YES;
				GCC_WARN_UNINITIALIZED_AUTOS = YES_AGGRESSIVE;
				GCC_WARN_UNUSED_FUNCTION = YES;
				GCC_WARN_UNUSED_VARIABLE = YES;
				IPHONEOS_DEPLOYMENT_TARGET = 7.1;
				SDKROOT = iphoneos;
				VALIDATE_PRODUCT = YES;
			};
			name = Release;
		};
		048B58DC1AB67FFB000F97F8 /* Debug */ = {
			isa = XCBuildConfiguration;
			buildSettings = {
				ASSETCATALOG_COMPILER_APPICON_NAME = AppIcon;
				ASSETCATALOG_COMPILER_LAUNCHIMAGE_NAME = LaunchImage;
				CLANG_ENABLE_OBJC_ARC = YES;
				GCC_PRECOMPILE_PREFIX_HEADER = YES;
				GCC_PREFIX_HEADER = "Snow1/Snow1-Prefix.pch";
				INFOPLIST_FILE = "Snow1/Snow1-Info.plist";
				PRODUCT_NAME = "$(TARGET_NAME)";
				WRAPPER_EXTENSION = app;
			};
			name = Debug;
		};
		048B58DD1AB67FFB000F97F8 /* Release */ = {
			isa = XCBuildConfiguration;
			buildSettings = {
				ASSETCATALOG_COMPILER_APPICON_NAME = AppIcon;
				ASSETCATALOG_COMPILER_LAUNCHIMAGE_NAME = LaunchImage;
				CLANG_ENABLE_OBJC_ARC = YES;
				GCC_PRECOMPILE_PREFIX_HEADER = YES;
				GCC_PREFIX_HEADER = "Snow1/Snow1-Prefix.pch";
				INFOPLIST_FILE = "Snow1/Snow1-Info.plist";
				PRODUCT_NAME = "$(TARGET_NAME)";
				WRAPPER_EXTENSION = app;
			};
			name = Release;
		};
		048B58DF1AB67FFB000F97F8 /* Debug */ = {
			isa = XCBuildConfiguration;
			buildSettings = {
				BUNDLE_LOADER = "$(BUILT_PRODUCTS_DIR)/Snow1.app/Snow1";
				FRAMEWORK_SEARCH_PATHS = (
					"$(SDKROOT)/Developer/Library/Frameworks",
					"$(inherited)",
					"$(DEVELOPER_FRAMEWORKS_DIR)",
				);
				GCC_PRECOMPILE_PREFIX_HEADER = YES;
				GCC_PREFIX_HEADER = "Snow1/Snow1-Prefix.pch";
				GCC_PREPROCESSOR_DEFINITIONS = (
					"DEBUG=1",
					"$(inherited)",
				);
				INFOPLIST_FILE = "Snow1Tests/Snow1Tests-Info.plist";
				PRODUCT_NAME = "$(TARGET_NAME)";
				TEST_HOST = "$(BUNDLE_LOADER)";
				WRAPPER_EXTENSION = xctest;
			};
			name = Debug;
		};
		048B58E01AB67FFB000F97F8 /* Release */ = {
			isa = XCBuildConfiguration;
			buildSettings = {
				BUNDLE_LOADER = "$(BUILT_PRODUCTS_DIR)/Snow1.app/Snow1";
				FRAMEWORK_SEARCH_PATHS = (
					"$(SDKROOT)/Developer/Library/Frameworks",
					"$(inherited)",
					"$(DEVELOPER_FRAMEWORKS_DIR)",
				);
				GCC_PRECOMPILE_PREFIX_HEADER = YES;
				GCC_PREFIX_HEADER = "Snow1/Snow1-Prefix.pch";
				INFOPLIST_FILE = "Snow1Tests/Snow1Tests-Info.plist";
				PRODUCT_NAME = "$(TARGET_NAME)";
				TEST_HOST = "$(BUNDLE_LOADER)";
				WRAPPER_EXTENSION = xctest;
			};
			name = Release;
		};
/* End XCBuildConfiguration section */

/* Begin XCConfigurationList section */
		048B58A41AB67FFB000F97F8 /* Build configuration list for PBXProject "Snow1" */ = {
			isa = XCConfigurationList;
			buildConfigurations = (
				048B58D91AB67FFB000F97F8 /* Debug */,
				048B58DA1AB67FFB000F97F8 /* Release */,
			);
			defaultConfigurationIsVisible = 0;
			defaultConfigurationName = Release;
		};
		048B58DB1AB67FFB000F97F8 /* Build configuration list for PBXNativeTarget "Snow1" */ = {
			isa = XCConfigurationList;
			buildConfigurations = (
				048B58DC1AB67FFB000F97F8 /* Debug */,
				048B58DD1AB67FFB000F97F8 /* Release */,
			);
			defaultConfigurationIsVisible = 0;
			defaultConfigurationName = Release;
		};
		048B58DE1AB67FFB000F97F8 /* Build configuration list for PBXNativeTarget "Snow1Tests" */ = {
			isa = XCConfigurationList;
			buildConfigurations = (
				048B58DF1AB67FFB000F97F8 /* Debug */,
				048B58E01AB67FFB000F97F8 /* Release */,
			);
			defaultConfigurationIsVisible = 0;
			defaultConfigurationName = Release;
		};
/* End XCConfigurationList section */
	};
	rootObject = 048B58A11AB67FFB000F97F8 /* Project object */;
}
